
Microsoft Visual Studio Solution File, Format Version 12.00
# Visual Studio Version 16
VisualStudioVersion = 16.0.32510.428
MinimumVisualStudioVersion = 10.0.40219.1
Project("{9A19103F-16F7-4668-BE54-9A1E7A4F7556}") = "api.eProduct", "eProduct\api.eProduct.csproj", "{ADA7254E-8028-4E0F-AF47-FD5B0B6616B4}"
EndProject
Project("{FAE04EC0-301F-11D3-BF4B-00C04F79EFBC}") = "UI.eProduct", "UI.eProduct\UI.eProduct.csproj", "{E1EEA4C2-D481-4968-A0B8-5E90A870026B}"
EndProject
Global
	GlobalSection(SolutionConfigurationPlatforms) = preSolution
		Debug|Any CPU = Debug|Any CPU
		Release|Any CPU = Release|Any CPU
	EndGlobalSection
	GlobalSection(ProjectConfigurationPlatforms) = postSolution
		{ADA7254E-8028-4E0F-AF47-FD5B0B6616B4}.Debug|Any CPU.ActiveCfg = Debug|Any CPU
		{ADA7254E-8028-4E0F-AF47-FD5B0B6616B4}.Debug|Any CPU.Build.0 = Debug|Any CPU
		{ADA7254E-8028-4E0F-AF47-FD5B0B6616B4}.Release|Any CPU.ActiveCfg = Release|Any CPU
		{ADA7254E-8028-4E0F-AF47-FD5B0B6616B4}.Release|Any CPU.Build.0 = Release|Any CPU
		{E1EEA4C2-D481-4968-A0B8-5E90A870026B}.Debug|Any CPU.ActiveCfg = Debug|Any CPU
		{E1EEA4C2-D481-4968-A0B8-5E90A870026B}.Debug|Any CPU.Build.0 = Debug|Any CPU
		{E1EEA4C2-D481-4968-A0B8-5E90A870026B}.Release|Any CPU.ActiveCfg = Release|Any CPU
		{E1EEA4C2-D481-4968-A0B8-5E90A870026B}.Release|Any CPU.Build.0 = Release|Any CPU
	EndGlobalSection
	GlobalSection(SolutionProperties) = preSolution
		HideSolutionNode = FALSE
	EndGlobalSection
	GlobalSection(ExtensibilityGlobals) = postSolution
		SolutionGuid = {19CEBAF0-83F7-40E6-8D2A-6126A123AAF4}
	EndGlobalSection
EndGlobal
